github.com/gorilla/mux v1.7.3 h1:gnP5JzjVOuiZD07fKKToCAOjS0yOpj/qPETTXCCS6hw=
github.com/gorilla/mux v1.7.3/go.mod h1:1lud6UwP+6orDFRuTfBEV8e9/aOM/c4fVVCaMa2zaAs=
gopkg.daemonl.com/envconf v0.0.0-20190320003330-cdc00efcd0cb h1:XByoce89zG7WIW6ZLvzz7Nli88dpOhvygclmQTh7j5g=
gopkg.daemonl.com/envconf v0.0.0-20190320003330-cdc00efcd0cb/go.mod h1:TSU5r5zMfwZHhL4dCSY7jXOz6ZTu0T3BT1NOVIuAyVQ=
